// !$*UTF8*$!
{
	archiveVersion = 1;
	classes = {
	};
	objectVersion = 46;
	objects = {

/* Begin PBXBuildFile section */
		790970C31D4AB79000EEAFB1 /* User.swift in Sources */ = {isa = PBXBuildFile; fileRef = 790970C21D4AB79000EEAFB1 /* User.swift */; };
		790970C51D4AB95200EEAFB1 /* TurjmanError.swift in Sources */ = {isa = PBXBuildFile; fileRef = 790970C41D4AB95200EEAFB1 /* TurjmanError.swift */; };
		790DF9031D4E664A00690693 /* Orders.storyboard in Resources */ = {isa = PBXBuildFile; fileRef = 790DF9021D4E664A00690693 /* Orders.storyboard */; };
		790DF9051D4E669D00690693 /* OrdersViewController.swift in Sources */ = {isa = PBXBuildFile; fileRef = 790DF9041D4E669D00690693 /* OrdersViewController.swift */; };
		790DF9071D4E784100690693 /* OrdersModel.swift in Sources */ = {isa = PBXBuildFile; fileRef = 790DF9061D4E784100690693 /* OrdersModel.swift */; };
		790DF9091D4E78CC00690693 /* OrderStore.swift in Sources */ = {isa = PBXBuildFile; fileRef = 790DF9081D4E78CC00690693 /* OrderStore.swift */; };
		792AD53E1D46965A00BF778D /* NetworkConstants.swift in Sources */ = {isa = PBXBuildFile; fileRef = 792AD53D1D46965A00BF778D /* NetworkConstants.swift */; };
		792AD5401D4697BD00BF778D /* RegistrationStore.swift in Sources */ = {isa = PBXBuildFile; fileRef = 792AD53F1D4697BD00BF778D /* RegistrationStore.swift */; };
		792AD5461D4699F700BF778D /* RegistrationViewController.swift in Sources */ = {isa = PBXBuildFile; fileRef = 792AD5451D4699F700BF778D /* RegistrationViewController.swift */; };
		792AD5481D46AA0600BF778D /* NetworkManager.swift in Sources */ = {isa = PBXBuildFile; fileRef = 792AD5471D46AA0600BF778D /* NetworkManager.swift */; };
		7944B25F1D45568C00F2C008 /* BaseViewController.swift in Sources */ = {isa = PBXBuildFile; fileRef = 7944B25E1D45568C00F2C008 /* BaseViewController.swift */; };
		7944B2611D455D2D00F2C008 /* LoginViewController.swift in Sources */ = {isa = PBXBuildFile; fileRef = 7944B2601D455D2D00F2C008 /* LoginViewController.swift */; };
		7944B2671D455EED00F2C008 /* MainNavigationController.swift in Sources */ = {isa = PBXBuildFile; fileRef = 7944B2661D455EED00F2C008 /* MainNavigationController.swift */; };
		7944B26D1D45625E00F2C008 /* MenuTableViewController.swift in Sources */ = {isa = PBXBuildFile; fileRef = 7944B26C1D45625E00F2C008 /* MenuTableViewController.swift */; };
		7944B2701D456ACB00F2C008 /* TurjmanButton.swift in Sources */ = {isa = PBXBuildFile; fileRef = 7944B26F1D456ACB00F2C008 /* TurjmanButton.swift */; };
		796651991D4BDEC70071E17E /* LoginModel.swift in Sources */ = {isa = PBXBuildFile; fileRef = 796651981D4BDEC70071E17E /* LoginModel.swift */; };
		797344371D450707009ABAFC /* AppDelegate.swift in Sources */ = {isa = PBXBuildFile; fileRef = 797344361D450707009ABAFC /* AppDelegate.swift */; };
		7973443C1D450707009ABAFC /* Main.storyboard in Resources */ = {isa = PBXBuildFile; fileRef = 7973443A1D450707009ABAFC /* Main.storyboard */; };
		7973443E1D450707009ABAFC /* Assets.xcassets in Resources */ = {isa = PBXBuildFile; fileRef = 7973443D1D450707009ABAFC /* Assets.xcassets */; };
		797344411D450707009ABAFC /* LaunchScreen.storyboard in Resources */ = {isa = PBXBuildFile; fileRef = 7973443F1D450707009ABAFC /* LaunchScreen.storyboard */; };
		79CC44B51D49522700307C42 /* GlobalConstants.swift in Sources */ = {isa = PBXBuildFile; fileRef = 79CC44B41D49522700307C42 /* GlobalConstants.swift */; };
		79FDFAD11D47F2B80089E623 /* BaseModel.swift in Sources */ = {isa = PBXBuildFile; fileRef = 79FDFAD01D47F2B80089E623 /* BaseModel.swift */; };
		79FDFAD31D47F3E20089E623 /* CountriesModel.swift in Sources */ = {isa = PBXBuildFile; fileRef = 79FDFAD21D47F3E20089E623 /* CountriesModel.swift */; };
		79FF00531D4BA84800C7F62D /* GoogleService-Info.plist in Resources */ = {isa = PBXBuildFile; fileRef = 79FF00521D4BA84800C7F62D /* GoogleService-Info.plist */; };
		79FF00551D4BB6FD00C7F62D /* LoginStore.swift in Sources */ = {isa = PBXBuildFile; fileRef = 79FF00541D4BB6FD00C7F62D /* LoginStore.swift */; };
		C9FAB9E69C48DED6168D8CFA /* Pods_Turjman.framework in Frameworks */ = {isa = PBXBuildFile; fileRef = 458CD914EF4C7D35D5ACDC16 /* Pods_Turjman.framework */; };
/* End PBXBuildFile section */

/* Begin PBXFileReference section */
		458CD914EF4C7D35D5ACDC16 /* Pods_Turjman.framework */ = {isa = PBXFileReference; explicitFileType = wrapper.framework; includeInIndex = 0; path = Pods_Turjman.framework; sourceTree = BUILT_PRODUCTS_DIR; };
		790970C21D4AB79000EEAFB1 /* User.swift */ = {isa = PBXFileReference; fileEncoding = 4; lastKnownFileType = sourcecode.swift; path = User.swift; sourceTree = "<group>"; };
		790970C41D4AB95200EEAFB1 /* TurjmanError.swift */ = {isa = PBXFileReference; fileEncoding = 4; lastKnownFileType = sourcecode.swift; path = TurjmanError.swift; sourceTree = "<group>"; };
		790DF9021D4E664A00690693 /* Orders.storyboard */ = {isa = PBXFileReference; fileEncoding = 4; lastKnownFileType = file.storyboard; path = Orders.storyboard; sourceTree = "<group>"; };
		790DF9041D4E669D00690693 /* OrdersViewController.swift */ = {isa = PBXFileReference; fileEncoding = 4; lastKnownFileType = sourcecode.swift; path = OrdersViewController.swift; sourceTree = "<group>"; };
		790DF9061D4E784100690693 /* OrdersModel.swift */ = {isa = PBXFileReference; fileEncoding = 4; lastKnownFileType = sourcecode.swift; path = OrdersModel.swift; sourceTree = "<group>"; };
		790DF9081D4E78CC00690693 /* OrderStore.swift */ = {isa = PBXFileReference; fileEncoding = 4; lastKnownFileType = sourcecode.swift; path = OrderStore.swift; sourceTree = "<group>"; };
		792AD53D1D46965A00BF778D /* NetworkConstants.swift */ = {isa = PBXFileReference; fileEncoding = 4; lastKnownFileType = sourcecode.swift; path = NetworkConstants.swift; sourceTree = "<group>"; };
		792AD53F1D4697BD00BF778D /* RegistrationStore.swift */ = {isa = PBXFileReference; fileEncoding = 4; lastKnownFileType = sourcecode.swift; path = RegistrationStore.swift; sourceTree = "<group>"; };
		792AD5451D4699F700BF778D /* RegistrationViewController.swift */ = {isa = PBXFileReference; fileEncoding = 4; lastKnownFileType = sourcecode.swift; path = RegistrationViewController.swift; sourceTree = "<group>"; };
		792AD5471D46AA0600BF778D /* NetworkManager.swift */ = {isa = PBXFileReference; fileEncoding = 4; lastKnownFileType = sourcecode.swift; path = NetworkManager.swift; sourceTree = "<group>"; };
		7944B25E1D45568C00F2C008 /* BaseViewController.swift */ = {isa = PBXFileReference; fileEncoding = 4; lastKnownFileType = sourcecode.swift; path = BaseViewController.swift; sourceTree = "<group>"; };
		7944B2601D455D2D00F2C008 /* LoginViewController.swift */ = {isa = PBXFileReference; fileEncoding = 4; lastKnownFileType = sourcecode.swift; path = LoginViewController.swift; sourceTree = "<group>"; };
		7944B2661D455EED00F2C008 /* MainNavigationController.swift */ = {isa = PBXFileReference; fileEncoding = 4; lastKnownFileType = sourcecode.swift; path = MainNavigationController.swift; sourceTree = "<group>"; };
		7944B26C1D45625E00F2C008 /* MenuTableViewController.swift */ = {isa = PBXFileReference; fileEncoding = 4; lastKnownFileType = sourcecode.swift; path = MenuTableViewController.swift; sourceTree = "<group>"; };
		7944B26F1D456ACB00F2C008 /* TurjmanButton.swift */ = {isa = PBXFileReference; fileEncoding = 4; lastKnownFileType = sourcecode.swift; path = TurjmanButton.swift; sourceTree = "<group>"; };
		796651981D4BDEC70071E17E /* LoginModel.swift */ = {isa = PBXFileReference; fileEncoding = 4; lastKnownFileType = sourcecode.swift; path = LoginModel.swift; sourceTree = "<group>"; };
		797344331D450707009ABAFC /* Turjman.app */ = {isa = PBXFileReference; explicitFileType = wrapper.application; includeInIndex = 0; path = Turjman.app; sourceTree = BUILT_PRODUCTS_DIR; };
		797344361D450707009ABAFC /* AppDelegate.swift */ = {isa = PBXFileReference; lastKnownFileType = sourcecode.swift; path = AppDelegate.swift; sourceTree = "<group>"; };
		7973443B1D450707009ABAFC /* Base */ = {isa = PBXFileReference; lastKnownFileType = file.storyboard; name = Base; path = Base.lproj/Main.storyboard; sourceTree = "<group>"; };
		7973443D1D450707009ABAFC /* Assets.xcassets */ = {isa = PBXFileReference; lastKnownFileType = folder.assetcatalog; path = Assets.xcassets; sourceTree = "<group>"; };
		797344401D450707009ABAFC /* Base */ = {isa = PBXFileReference; lastKnownFileType = file.storyboard; name = Base; path = Base.lproj/LaunchScreen.storyboard; sourceTree = "<group>"; };
		797344421D450707009ABAFC /* Info.plist */ = {isa = PBXFileReference; lastKnownFileType = text.plist.xml; path = Info.plist; sourceTree = "<group>"; };
		79CC44B41D49522700307C42 /* GlobalConstants.swift */ = {isa = PBXFileReference; fileEncoding = 4; lastKnownFileType = sourcecode.swift; path = GlobalConstants.swift; sourceTree = "<group>"; };
		79FDFAD01D47F2B80089E623 /* BaseModel.swift */ = {isa = PBXFileReference; fileEncoding = 4; lastKnownFileType = sourcecode.swift; path = BaseModel.swift; sourceTree = "<group>"; };
		79FDFAD21D47F3E20089E623 /* CountriesModel.swift */ = {isa = PBXFileReference; fileEncoding = 4; lastKnownFileType = sourcecode.swift; path = CountriesModel.swift; sourceTree = "<group>"; };
		79FF00521D4BA84800C7F62D /* GoogleService-Info.plist */ = {isa = PBXFileReference; fileEncoding = 4; lastKnownFileType = text.plist.xml; path = "GoogleService-Info.plist"; sourceTree = "<group>"; };
		79FF00541D4BB6FD00C7F62D /* LoginStore.swift */ = {isa = PBXFileReference; fileEncoding = 4; lastKnownFileType = sourcecode.swift; path = LoginStore.swift; sourceTree = "<group>"; };
		7A9FC309B3AC0B2BD052CED4 /* Pods-Turjman.debug.xcconfig */ = {isa = PBXFileReference; includeInIndex = 1; lastKnownFileType = text.xcconfig; name = "Pods-Turjman.debug.xcconfig"; path = "Pods/Target Support Files/Pods-Turjman/Pods-Turjman.debug.xcconfig"; sourceTree = "<group>"; };
		C21BFB8ECC03CF1392F1923B /* Pods-Turjman.release.xcconfig */ = {isa = PBXFileReference; includeInIndex = 1; lastKnownFileType = text.xcconfig; name = "Pods-Turjman.release.xcconfig"; path = "Pods/Target Support Files/Pods-Turjman/Pods-Turjman.release.xcconfig"; sourceTree = "<group>"; };
/* End PBXFileReference section */

/* Begin PBXFrameworksBuildPhase section */
		797344301D450707009ABAFC /* Frameworks */ = {
			isa = PBXFrameworksBuildPhase;
			buildActionMask = 2147483647;
			files = (
				C9FAB9E69C48DED6168D8CFA /* Pods_Turjman.framework in Frameworks */,
			);
			runOnlyForDeploymentPostprocessing = 0;
		};
/* End PBXFrameworksBuildPhase section */

/* Begin PBXGroup section */
		2F07DC501E64F88C0AD88D93 /* Pods */ = {
			isa = PBXGroup;
			children = (
				7A9FC309B3AC0B2BD052CED4 /* Pods-Turjman.debug.xcconfig */,
				C21BFB8ECC03CF1392F1923B /* Pods-Turjman.release.xcconfig */,
			);
			name = Pods;
			sourceTree = "<group>";
		};
		790970C11D4AB77A00EEAFB1 /* Models */ = {
			isa = PBXGroup;
			children = (
				790970C21D4AB79000EEAFB1 /* User.swift */,
			);
			name = Models;
			sourceTree = "<group>";
		};
		790DF9011D4E65FB00690693 /* Storyboards */ = {
			isa = PBXGroup;
			children = (
				790DF9021D4E664A00690693 /* Orders.storyboard */,
			);
			name = Storyboards;
			sourceTree = "<group>";
		};
		792AD53B1D4695F800BF778D /* Business Layer */ = {
			isa = PBXGroup;
			children = (
				792AD53F1D4697BD00BF778D /* RegistrationStore.swift */,
				79FF00541D4BB6FD00C7F62D /* LoginStore.swift */,
				790DF9081D4E78CC00690693 /* OrderStore.swift */,
			);
			name = "Business Layer";
			sourceTree = "<group>";
		};
		792AD53C1D46960300BF778D /* Network Layer */ = {
			isa = PBXGroup;
			children = (
				792AD53D1D46965A00BF778D /* NetworkConstants.swift */,
				792AD5471D46AA0600BF778D /* NetworkManager.swift */,
				790970C41D4AB95200EEAFB1 /* TurjmanError.swift */,
			);
			name = "Network Layer";
			sourceTree = "<group>";
		};
		7944B25C1D45566100F2C008 /* Presenation Layer */ = {
			isa = PBXGroup;
			children = (
				790DF9011D4E65FB00690693 /* Storyboards */,
				7944B25D1D45566B00F2C008 /* View Controllers */,
			);
			name = "Presenation Layer";
			sourceTree = "<group>";
		};
		7944B25D1D45566B00F2C008 /* View Controllers */ = {
			isa = PBXGroup;
			children = (
				7944B25E1D45568C00F2C008 /* BaseViewController.swift */,
				7944B2601D455D2D00F2C008 /* LoginViewController.swift */,
				7944B2661D455EED00F2C008 /* MainNavigationController.swift */,
				7944B26C1D45625E00F2C008 /* MenuTableViewController.swift */,
				792AD5451D4699F700BF778D /* RegistrationViewController.swift */,
				790DF9041D4E669D00690693 /* OrdersViewController.swift */,
			);
			name = "View Controllers";
			sourceTree = "<group>";
		};
		7944B26E1D456AAB00F2C008 /* CustomComponents */ = {
			isa = PBXGroup;
			children = (
				7944B26F1D456ACB00F2C008 /* TurjmanButton.swift */,
			);
			name = CustomComponents;
			sourceTree = "<group>";
		};
		7973442A1D450707009ABAFC = {
			isa = PBXGroup;
			children = (
				797344351D450707009ABAFC /* Turjman */,
				797344341D450707009ABAFC /* Products */,
				2F07DC501E64F88C0AD88D93 /* Pods */,
				C787C38EFA62FB9ACAF25EA2 /* Frameworks */,
			);
			sourceTree = "<group>";
		};
		797344341D450707009ABAFC /* Products */ = {
			isa = PBXGroup;
			children = (
				797344331D450707009ABAFC /* Turjman.app */,
			);
			name = Products;
			sourceTree = "<group>";
		};
		797344351D450707009ABAFC /* Turjman */ = {
			isa = PBXGroup;
			children = (
				79CC44B31D49521500307C42 /* Common Layer */,
				79FDFACF1D47F2070089E623 /* DTOs */,
				792AD53C1D46960300BF778D /* Network Layer */,
				792AD53B1D4695F800BF778D /* Business Layer */,
				7944B26E1D456AAB00F2C008 /* CustomComponents */,
				7944B25C1D45566100F2C008 /* Presenation Layer */,
				797344361D450707009ABAFC /* AppDelegate.swift */,
				7973443A1D450707009ABAFC /* Main.storyboard */,
				7973443D1D450707009ABAFC /* Assets.xcassets */,
				7973443F1D450707009ABAFC /* LaunchScreen.storyboard */,
				79FF00521D4BA84800C7F62D /* GoogleService-Info.plist */,
				797344421D450707009ABAFC /* Info.plist */,
			);
			path = Turjman;
			sourceTree = "<group>";
		};
		79CC44B31D49521500307C42 /* Common Layer */ = {
			isa = PBXGroup;
			children = (
				790970C11D4AB77A00EEAFB1 /* Models */,
				79CC44B41D49522700307C42 /* GlobalConstants.swift */,
			);
			name = "Common Layer";
			sourceTree = "<group>";
		};
		79FDFACF1D47F2070089E623 /* DTOs */ = {
			isa = PBXGroup;
			children = (
				79FDFAD01D47F2B80089E623 /* BaseModel.swift */,
				79FDFAD21D47F3E20089E623 /* CountriesModel.swift */,
				796651981D4BDEC70071E17E /* LoginModel.swift */,
				790DF9061D4E784100690693 /* OrdersModel.swift */,
			);
			name = DTOs;
			sourceTree = "<group>";
		};
		C787C38EFA62FB9ACAF25EA2 /* Frameworks */ = {
			isa = PBXGroup;
			children = (
				458CD914EF4C7D35D5ACDC16 /* Pods_Turjman.framework */,
			);
			name = Frameworks;
			sourceTree = "<group>";
		};
/* End PBXGroup section */

/* Begin PBXNativeTarget section */
		797344321D450707009ABAFC /* Turjman */ = {
			isa = PBXNativeTarget;
			buildConfigurationList = 797344451D450707009ABAFC /* Build configuration list for PBXNativeTarget "Turjman" */;
			buildPhases = (
				678B8B9427A133412830036B /* [CP] Check Pods Manifest.lock */,
				7973442F1D450707009ABAFC /* Sources */,
				797344301D450707009ABAFC /* Frameworks */,
				797344311D450707009ABAFC /* Resources */,
				544939C934D97C1194F3B283 /* [CP] Embed Pods Frameworks */,
				651FB2D831568209BE268962 /* [CP] Copy Pods Resources */,
			);
			buildRules = (
			);
			dependencies = (
			);
			name = Turjman;
			productName = Turjman;
			productReference = 797344331D450707009ABAFC /* Turjman.app */;
			productType = "com.apple.product-type.application";
		};
/* End PBXNativeTarget section */

/* Begin PBXProject section */
		7973442B1D450707009ABAFC /* Project object */ = {
			isa = PBXProject;
			attributes = {
				LastSwiftUpdateCheck = 0730;
				LastUpgradeCheck = 0730;
				ORGANIZATIONNAME = "Mohamed Magdy";
				TargetAttributes = {
					797344321D450707009ABAFC = {
						CreatedOnToolsVersion = 7.3.1;
					};
				};
			};
			buildConfigurationList = 7973442E1D450707009ABAFC /* Build configuration list for PBXProject "Turjman" */;
			compatibilityVersion = "Xcode 3.2";
			developmentRegion = English;
			hasScannedForEncodings = 0;
			knownRegions = (
				en,
				Base,
			);
			mainGroup = 7973442A1D450707009ABAFC;
			productRefGroup = 797344341D450707009ABAFC /* Products */;
			projectDirPath = "";
			projectRoot = "";
			targets = (
				797344321D450707009ABAFC /* Turjman */,
			);
		};
/* End PBXProject section */

/* Begin PBXResourcesBuildPhase section */
		797344311D450707009ABAFC /* Resources */ = {
			isa = PBXResourcesBuildPhase;
			buildActionMask = 2147483647;
			files = (
				797344411D450707009ABAFC /* LaunchScreen.storyboard in Resources */,
				79FF00531D4BA84800C7F62D /* GoogleService-Info.plist in Resources */,
				790DF9031D4E664A00690693 /* Orders.storyboard in Resources */,
				7973443E1D450707009ABAFC /* Assets.xcassets in Resources */,
				7973443C1D450707009ABAFC /* Main.storyboard in Resources */,
			);
			runOnlyForDeploymentPostprocessing = 0;
		};
/* End PBXResourcesBuildPhase section */

/* Begin PBXShellScriptBuildPhase section */
		544939C934D97C1194F3B283 /* [CP] Embed Pods Frameworks */ = {
			isa = PBXShellScriptBuildPhase;
			buildActionMask = 2147483647;
			files = (
			);
			inputPaths = (
			);
			name = "[CP] Embed Pods Frameworks";
			outputPaths = (
			);
			runOnlyForDeploymentPostprocessing = 0;
			shellPath = /bin/sh;
			shellScript = "\"${SRCROOT}/Pods/Target Support Files/Pods-Turjman/Pods-Turjman-frameworks.sh\"\n";
			showEnvVarsInLog = 0;
		};
		651FB2D831568209BE268962 /* [CP] Copy Pods Resources */ = {
			isa = PBXShellScriptBuildPhase;
			buildActionMask = 2147483647;
			files = (
			);
			inputPaths = (
			);
			name = "[CP] Copy Pods Resources";
			outputPaths = (
			);
			runOnlyForDeploymentPostprocessing = 0;
			shellPath = /bin/sh;
			shellScript = "\"${SRCROOT}/Pods/Target Support Files/Pods-Turjman/Pods-Turjman-resources.sh\"\n";
			showEnvVarsInLog = 0;
		};
		678B8B9427A133412830036B /* [CP] Check Pods Manifest.lock */ = {
			isa = PBXShellScriptBuildPhase;
			buildActionMask = 2147483647;
			files = (
			);
			inputPaths = (
			);
			name = "[CP] Check Pods Manifest.lock";
			outputPaths = (
			);
			runOnlyForDeploymentPostprocessing = 0;
			shellPath = /bin/sh;
			shellScript = "diff \"${PODS_ROOT}/../Podfile.lock\" \"${PODS_ROOT}/Manifest.lock\" > /dev/null\nif [[ $? != 0 ]] ; then\n    cat << EOM\nerror: The sandbox is not in sync with the Podfile.lock. Run 'pod install' or update your CocoaPods installation.\nEOM\n    exit 1\nfi\n";
			showEnvVarsInLog = 0;
		};
/* End PBXShellScriptBuildPhase section */

/* Begin PBXSourcesBuildPhase section */
		7973442F1D450707009ABAFC /* Sources */ = {
			isa = PBXSourcesBuildPhase;
			buildActionMask = 2147483647;
			files = (
				792AD53E1D46965A00BF778D /* NetworkConstants.swift in Sources */,
				79FF00551D4BB6FD00C7F62D /* LoginStore.swift in Sources */,
				7944B2611D455D2D00F2C008 /* LoginViewController.swift in Sources */,
				79FDFAD11D47F2B80089E623 /* BaseModel.swift in Sources */,
				790DF9091D4E78CC00690693 /* OrderStore.swift in Sources */,
				792AD5481D46AA0600BF778D /* NetworkManager.swift in Sources */,
				790970C51D4AB95200EEAFB1 /* TurjmanError.swift in Sources */,
				790DF9071D4E784100690693 /* OrdersModel.swift in Sources */,
				79FDFAD31D47F3E20089E623 /* CountriesModel.swift in Sources */,
				79CC44B51D49522700307C42 /* GlobalConstants.swift in Sources */,
				796651991D4BDEC70071E17E /* LoginModel.swift in Sources */,
				790970C31D4AB79000EEAFB1 /* User.swift in Sources */,
				792AD5401D4697BD00BF778D /* RegistrationStore.swift in Sources */,
				792AD5461D4699F700BF778D /* RegistrationViewController.swift in Sources */,
				797344371D450707009ABAFC /* AppDelegate.swift in Sources */,
				790DF9051D4E669D00690693 /* OrdersViewController.swift in Sources */,
				7944B26D1D45625E00F2C008 /* MenuTableViewController.swift in Sources */,
				7944B2671D455EED00F2C008 /* MainNavigationController.swift in Sources */,
				7944B25F1D45568C00F2C008 /* BaseViewController.swift in Sources */,
				7944B2701D456ACB00F2C008 /* TurjmanButton.swift in Sources */,
			);
			runOnlyForDeploymentPostprocessing = 0;
		};
/* End PBXSourcesBuildPhase section */

/* Begin PBXVariantGroup section */
		7973443A1D450707009ABAFC /* Main.storyboard */ = {
			isa = PBXVariantGroup;
			children = (
				7973443B1D450707009ABAFC /* Base */,
			);
			name = Main.storyboard;
			sourceTree = "<group>";
		};
		7973443F1D450707009ABAFC /* LaunchScreen.storyboard */ = {
			isa = PBXVariantGroup;
			children = (
				797344401D450707009ABAFC /* Base */,
			);
			name = LaunchScreen.storyboard;
			sourceTree = "<group>";
		};
/* End PBXVariantGroup section */

/* Begin XCBuildConfiguration section */
		797344431D450707009ABAFC /* Debug */ = {
			isa = XCBuildConfiguration;
			buildSettings = {
				ALWAYS_SEARCH_USER_PATHS = NO;
				CLANG_ANALYZER_NONNULL = YES;
				CLANG_CXX_LANGUAGE_STANDARD = "gnu++0x";
				CLANG_CXX_LIBRARY = "libc++";
				CLANG_ENABLE_MODULES = YES;
				CLANG_ENABLE_OBJC_ARC = YES;
				CLANG_WARN_BOOL_CONVERSION = YES;
				CLANG_WARN_CONSTANT_CONVERSION = YES;
				CLANG_WARN_DIRECT_OBJC_ISA_USAGE = YES_ERROR;
				CLANG_WARN_EMPTY_BODY = YES;
				CLANG_WARN_ENUM_CONVERSION = YES;
				CLANG_WARN_INT_CONVERSION = YES;
				CLANG_WARN_OBJC_ROOT_CLASS = YES_ERROR;
				CLANG_WARN_UNREACHABLE_CODE = YES;
				CLANG_WARN__DUPLICATE_METHOD_MATCH = YES;
				"CODE_SIGN_IDENTITY[sdk=iphoneos*]" = "iPhone Developer";
				COPY_PHASE_STRIP = NO;
				DEBUG_INFORMATION_FORMAT = dwarf;
				ENABLE_STRICT_OBJC_MSGSEND = YES;
				ENABLE_TESTABILITY = YES;
				GCC_C_LANGUAGE_STANDARD = gnu99;
				GCC_DYNAMIC_NO_PIC = NO;
				GCC_NO_COMMON_BLOCKS = YES;
				GCC_OPTIMIZATION_LEVEL = 0;
				GCC_PREPROCESSOR_DEFINITIONS = (
					"DEBUG=1",
					"$(inherited)",
				);
				GCC_WARN_64_TO_32_BIT_CONVERSION = YES;
				GCC_WARN_ABOUT_RETURN_TYPE = YES_ERROR;
				GCC_WARN_UNDECLARED_SELECTOR = YES;
				GCC_WARN_UNINITIALIZED_AUTOS = YES_AGGRESSIVE;
				GCC_WARN_UNUSED_FUNCTION = YES;
				GCC_WARN_UNUSED_VARIABLE = YES;
				IPHONEOS_DEPLOYMENT_TARGET = 9.3;
				MTL_ENABLE_DEBUG_INFO = YES;
				ONLY_ACTIVE_ARCH = YES;
				SDKROOT = iphoneos;
				SWIFT_OPTIMIZATION_LEVEL = "-Onone";
				TARGETED_DEVICE_FAMILY = "1,2";
			};
			name = Debug;
		};
		797344441D450707009ABAFC /* Release */ = {
			isa = XCBuildConfiguration;
			buildSettings = {
				ALWAYS_SEARCH_USER_PATHS = NO;
				CLANG_ANALYZER_NONNULL = YES;
				CLANG_CXX_LANGUAGE_STANDARD = "gnu++0x";
				CLANG_CXX_LIBRARY = "libc++";
				CLANG_ENABLE_MODULES = YES;
				CLANG_ENABLE_OBJC_ARC = YES;
				CLANG_WARN_BOOL_CONVERSION = YES;
				CLANG_WARN_CONSTANT_CONVERSION = YES;
				CLANG_WARN_DIRECT_OBJC_ISA_USAGE = YES_ERROR;
				CLANG_WARN_EMPTY_BODY = YES;
				CLANG_WARN_ENUM_CONVERSION = YES;
				CLANG_WARN_INT_CONVERSION = YES;
				CLANG_WARN_OBJC_ROOT_CLASS = YES_ERROR;
				CLANG_WARN_UNREACHABLE_CODE = YES;
				CLANG_WARN__DUPLICATE_METHOD_MATCH = YES;
				"CODE_SIGN_IDENTITY[sdk=iphoneos*]" = "iPhone Developer";
				COPY_PHASE_STRIP = NO;
				DEBUG_INFORMATION_FORMAT = "dwarf-with-dsym";
				ENABLE_NS_ASSERTIONS = NO;
				ENABLE_STRICT_OBJC_MSGSEND = YES;
				GCC_C_LANGUAGE_STANDARD = gnu99;
				GCC_NO_COMMON_BLOCKS = YES;
				GCC_WARN_64_TO_32_BIT_CONVERSION = YES;
				GCC_WARN_ABOUT_RETURN_TYPE = YES_ERROR;
				GCC_WARN_UNDECLARED_SELECTOR = YES;
				GCC_WARN_UNINITIALIZED_AUTOS = YES_AGGRESSIVE;
				GCC_WARN_UNUSED_FUNCTION = YES;
				GCC_WARN_UNUSED_VARIABLE = YES;
				IPHONEOS_DEPLOYMENT_TARGET = 9.3;
				MTL_ENABLE_DEBUG_INFO = NO;
				SDKROOT = iphoneos;
				TARGETED_DEVICE_FAMILY = "1,2";
				VALIDATE_PRODUCT = YES;
			};
			name = Release;
		};
		797344461D450707009ABAFC /* Debug */ = {
			isa = XCBuildConfiguration;
			baseConfigurationReference = 7A9FC309B3AC0B2BD052CED4 /* Pods-Turjman.debug.xcconfig */;
			buildSettings = {
				ASSETCATALOG_COMPILER_APPICON_NAME = AppIcon;
				INFOPLIST_FILE = Turjman/Info.plist;
				IPHONEOS_DEPLOYMENT_TARGET = 8.0;
				LD_RUNPATH_SEARCH_PATHS = "$(inherited) @executable_path/Frameworks";
				PRODUCT_BUNDLE_IDENTIFIER = com.magdy.Turjman;
				PRODUCT_NAME = "$(TARGET_NAME)";
			};
			name = Debug;
		};
		797344471D450707009ABAFC /* Release */ = {
			isa = XCBuildConfiguration;
			baseConfigurationReference = C21BFB8ECC03CF1392F1923B /* Pods-Turjman.release.xcconfig */;
			buildSettings = {
				ASSETCATALOG_COMPILER_APPICON_NAME = AppIcon;
				INFOPLIST_FILE = Turjman/Info.plist;
				IPHONEOS_DEPLOYMENT_TARGET = 8.0;
				LD_RUNPATH_SEARCH_PATHS = "$(inherited) @executable_path/Frameworks";
				PRODUCT_BUNDLE_IDENTIFIER = com.magdy.Turjman;
				PRODUCT_NAME = "$(TARGET_NAME)";
			};
			name = Release;
		};
/* End XCBuildConfiguration section */

/* Begin XCConfigurationList section */
		7973442E1D450707009ABAFC /* Build configuration list for PBXProject "Turjman" */ = {
			isa = XCConfigurationList;
			buildConfigurations = (
				797344431D450707009ABAFC /* Debug */,
				797344441D450707009ABAFC /* Release */,
			);
			defaultConfigurationIsVisible = 0;
			defaultConfigurationName = Release;
		};
		797344451D450707009ABAFC /* Build configuration list for PBXNativeTarget "Turjman" */ = {
			isa = XCConfigurationList;
			buildConfigurations = (
				797344461D450707009ABAFC /* Debug */,
				797344471D450707009ABAFC /* Release */,
			);
			defaultConfigurationIsVisible = 0;
			defaultConfigurationName = Release;
		};
/* End XCConfigurationList section */
	};
	rootObject = 7973442B1D450707009ABAFC /* Project object */;
}
