// !$*UTF8*$!
{
	archiveVersion = 1;
	classes = {
	};
	objectVersion = 46;
	objects = {

/* Begin PBXBuildFile section */
		797344371D450707009ABAFC /* AppDelegate.swift in Sources */ = {isa = PBXBuildFile; fileRef = 797344361D450707009ABAFC /* AppDelegate.swift */; };
		797344391D450707009ABAFC /* ViewController.swift in Sources */ = {isa = PBXBuildFile; fileRef = 797344381D450707009ABAFC /* ViewController.swift */; };
		7973443C1D450707009ABAFC /* Main.storyboard in Resources */ = {isa = PBXBuildFile; fileRef = 7973443A1D450707009ABAFC /* Main.storyboard */; };
		7973443E1D450707009ABAFC /* Assets.xcassets in Resources */ = {isa = PBXBuildFile; fileRef = 7973443D1D450707009ABAFC /* Assets.xcassets */; };
		797344411D450707009ABAFC /* LaunchScreen.storyboard in Resources */ = {isa = PBXBuildFile; fileRef = 7973443F1D450707009ABAFC /* LaunchScreen.storyboard */; };
/* End PBXBuildFile section */

/* Begin PBXFileReference section */
		797344331D450707009ABAFC /* Turjman.app */ = {isa = PBXFileReference; explicitFileType = wrapper.application; includeInIndex = 0; path = Turjman.app; sourceTree = BUILT_PRODUCTS_DIR; };
		797344361D450707009ABAFC /* AppDelegate.swift */ = {isa = PBXFileReference; lastKnownFileType = sourcecode.swift; path = AppDelegate.swift; sourceTree = "<group>"; };
		797344381D450707009ABAFC /* ViewController.swift */ = {isa = PBXFileReference; lastKnownFileType = sourcecode.swift; path = ViewController.swift; sourceTree = "<group>"; };
		7973443B1D450707009ABAFC /* Base */ = {isa = PBXFileReference; lastKnownFileType = file.storyboard; name = Base; path = Base.lproj/Main.storyboard; sourceTree = "<group>"; };
		7973443D1D450707009ABAFC /* Assets.xcassets */ = {isa = PBXFileReference; lastKnownFileType = folder.assetcatalog; path = Assets.xcassets; sourceTree = "<group>"; };
		797344401D450707009ABAFC /* Base */ = {isa = PBXFileReference; lastKnownFileType = file.storyboard; name = Base; path = Base.lproj/LaunchScreen.storyboard; sourceTree = "<group>"; };
		797344421D450707009ABAFC /* Info.plist */ = {isa = PBXFileReference; lastKnownFileType = text.plist.xml; path = Info.plist; sourceTree = "<group>"; };
/* End PBXFileReference section */

/* Begin PBXFrameworksBuildPhase section */
		797344301D450707009ABAFC /* Frameworks */ = {
			isa = PBXFrameworksBuildPhase;
			buildActionMask = 2147483647;
			files = (
			);
			runOnlyForDeploymentPostprocessing = 0;
		};
/* End PBXFrameworksBuildPhase section */

/* Begin PBXGroup section */
		7973442A1D450707009ABAFC = {
			isa = PBXGroup;
			children = (
				797344351D450707009ABAFC /* Turjman */,
				797344341D450707009ABAFC /* Products */,
			);
			sourceTree = "<group>";
		};
		797344341D450707009ABAFC /* Products */ = {
			isa = PBXGroup;
			children = (
				797344331D450707009ABAFC /* Turjman.app */,
			);
			name = Products;
			sourceTree = "<group>";
		};
		797344351D450707009ABAFC /* Turjman */ = {
			isa = PBXGroup;
			children = (
				797344361D450707009ABAFC /* AppDelegate.swift */,
				797344381D450707009ABAFC /* ViewController.swift */,
				7973443A1D450707009ABAFC /* Main.storyboard */,
				7973443D1D450707009ABAFC /* Assets.xcassets */,
				7973443F1D450707009ABAFC /* LaunchScreen.storyboard */,
				797344421D450707009ABAFC /* Info.plist */,
			);
			path = Turjman;
			sourceTree = "<group>";
		};
/* End PBXGroup section */

/* Begin PBXNativeTarget section */
		797344321D450707009ABAFC /* Turjman */ = {
			isa = PBXNativeTarget;
			buildConfigurationList = 797344451D450707009ABAFC /* Build configuration list for PBXNativeTarget "Turjman" */;
			buildPhases = (
				7973442F1D450707009ABAFC /* Sources */,
				797344301D450707009ABAFC /* Frameworks */,
				797344311D450707009ABAFC /* Resources */,
			);
			buildRules = (
			);
			dependencies = (
			);
			name = Turjman;
			productName = Turjman;
			productReference = 797344331D450707009ABAFC /* Turjman.app */;
			productType = "com.apple.product-type.application";
		};
/* End PBXNativeTarget section */

/* Begin PBXProject section */
		7973442B1D450707009ABAFC /* Project object */ = {
			isa = PBXProject;
			attributes = {
				LastSwiftUpdateCheck = 0730;
				LastUpgradeCheck = 0730;
				ORGANIZATIONNAME = "Mohamed Magdy";
				TargetAttributes = {
					797344321D450707009ABAFC = {
						CreatedOnToolsVersion = 7.3.1;
					};
				};
			};
			buildConfigurationList = 7973442E1D450707009ABAFC /* Build configuration list for PBXProject "Turjman" */;
			compatibilityVersion = "Xcode 3.2";
			developmentRegion = English;
			hasScannedForEncodings = 0;
			knownRegions = (
				en,
				Base,
			);
			mainGroup = 7973442A1D450707009ABAFC;
			productRefGroup = 797344341D450707009ABAFC /* Products */;
			projectDirPath = "";
			projectRoot = "";
			targets = (
				797344321D450707009ABAFC /* Turjman */,
			);
		};
/* End PBXProject section */

/* Begin PBXResourcesBuildPhase section */
		797344311D450707009ABAFC /* Resources */ = {
			isa = PBXResourcesBuildPhase;
			buildActionMask = 2147483647;
			files = (
				797344411D450707009ABAFC /* LaunchScreen.storyboard in Resources */,
				7973443E1D450707009ABAFC /* Assets.xcassets in Resources */,
				7973443C1D450707009ABAFC /* Main.storyboard in Resources */,
			);
			runOnlyForDeploymentPostprocessing = 0;
		};
/* End PBXResourcesBuildPhase section */

/* Begin PBXSourcesBuildPhase section */
		7973442F1D450707009ABAFC /* Sources */ = {
			isa = PBXSourcesBuildPhase;
			buildActionMask = 2147483647;
			files = (
				797344391D450707009ABAFC /* ViewController.swift in Sources */,
				797344371D450707009ABAFC /* AppDelegate.swift in Sources */,
			);
			runOnlyForDeploymentPostprocessing = 0;
		};
/* End PBXSourcesBuildPhase section */

/* Begin PBXVariantGroup section */
		7973443A1D450707009ABAFC /* Main.storyboard */ = {
			isa = PBXVariantGroup;
			children = (
				7973443B1D450707009ABAFC /* Base */,
			);
			name = Main.storyboard;
			sourceTree = "<group>";
		};
		7973443F1D450707009ABAFC /* LaunchScreen.storyboard */ = {
			isa = PBXVariantGroup;
			children = (
				797344401D450707009ABAFC /* Base */,
			);
			name = LaunchScreen.storyboard;
			sourceTree = "<group>";
		};
/* End PBXVariantGroup section */

/* Begin XCBuildConfiguration section */
		797344431D450707009ABAFC /* Debug */ = {
			isa = XCBuildConfiguration;
			buildSettings = {
				ALWAYS_SEARCH_USER_PATHS = NO;
				CLANG_ANALYZER_NONNULL = YES;
				CLANG_CXX_LANGUAGE_STANDARD = "gnu++0x";
				CLANG_CXX_LIBRARY = "libc++";
				CLANG_ENABLE_MODULES = YES;
				CLANG_ENABLE_OBJC_ARC = YES;
				CLANG_WARN_BOOL_CONVERSION = YES;
				CLANG_WARN_CONSTANT_CONVERSION = YES;
				CLANG_WARN_DIRECT_OBJC_ISA_USAGE = YES_ERROR;
				CLANG_WARN_EMPTY_BODY = YES;
				CLANG_WARN_ENUM_CONVERSION = YES;
				CLANG_WARN_INT_CONVERSION = YES;
				CLANG_WARN_OBJC_ROOT_CLASS = YES_ERROR;
				CLANG_WARN_UNREACHABLE_CODE = YES;
				CLANG_WARN__DUPLICATE_METHOD_MATCH = YES;
				"CODE_SIGN_IDENTITY[sdk=iphoneos*]" = "iPhone Developer";
				COPY_PHASE_STRIP = NO;
				DEBUG_INFORMATION_FORMAT = dwarf;
				ENABLE_STRICT_OBJC_MSGSEND = YES;
				ENABLE_TESTABILITY = YES;
				GCC_C_LANGUAGE_STANDARD = gnu99;
				GCC_DYNAMIC_NO_PIC = NO;
				GCC_NO_COMMON_BLOCKS = YES;
				GCC_OPTIMIZATION_LEVEL = 0;
				GCC_PREPROCESSOR_DEFINITIONS = (
					"DEBUG=1",
					"$(inherited)",
				);
				GCC_WARN_64_TO_32_BIT_CONVERSION = YES;
				GCC_WARN_ABOUT_RETURN_TYPE = YES_ERROR;
				GCC_WARN_UNDECLARED_SELECTOR = YES;
				GCC_WARN_UNINITIALIZED_AUTOS = YES_AGGRESSIVE;
				GCC_WARN_UNUSED_FUNCTION = YES;
				GCC_WARN_UNUSED_VARIABLE = YES;
				IPHONEOS_DEPLOYMENT_TARGET = 9.3;
				MTL_ENABLE_DEBUG_INFO = YES;
				ONLY_ACTIVE_ARCH = YES;
				SDKROOT = iphoneos;
				SWIFT_OPTIMIZATION_LEVEL = "-Onone";
				TARGETED_DEVICE_FAMILY = "1,2";
			};
			name = Debug;
		};
		797344441D450707009ABAFC /* Release */ = {
			isa = XCBuildConfiguration;
			buildSettings = {
				ALWAYS_SEARCH_USER_PATHS = NO;
				CLANG_ANALYZER_NONNULL = YES;
				CLANG_CXX_LANGUAGE_STANDARD = "gnu++0x";
				CLANG_CXX_LIBRARY = "libc++";
				CLANG_ENABLE_MODULES = YES;
				CLANG_ENABLE_OBJC_ARC = YES;
				CLANG_WARN_BOOL_CONVERSION = YES;
				CLANG_WARN_CONSTANT_CONVERSION = YES;
				CLANG_WARN_DIRECT_OBJC_ISA_USAGE = YES_ERROR;
				CLANG_WARN_EMPTY_BODY = YES;
				CLANG_WARN_ENUM_CONVERSION = YES;
				CLANG_WARN_INT_CONVERSION = YES;
				CLANG_WARN_OBJC_ROOT_CLASS = YES_ERROR;
				CLANG_WARN_UNREACHABLE_CODE = YES;
				CLANG_WARN__DUPLICATE_METHOD_MATCH = YES;
				"CODE_SIGN_IDENTITY[sdk=iphoneos*]" = "iPhone Developer";
				COPY_PHASE_STRIP = NO;
				DEBUG_INFORMATION_FORMAT = "dwarf-with-dsym";
				ENABLE_NS_ASSERTIONS = NO;
				ENABLE_STRICT_OBJC_MSGSEND = YES;
				GCC_C_LANGUAGE_STANDARD = gnu99;
				GCC_NO_COMMON_BLOCKS = YES;
				GCC_WARN_64_TO_32_BIT_CONVERSION = YES;
				GCC_WARN_ABOUT_RETURN_TYPE = YES_ERROR;
				GCC_WARN_UNDECLARED_SELECTOR = YES;
				GCC_WARN_UNINITIALIZED_AUTOS = YES_AGGRESSIVE;
				GCC_WARN_UNUSED_FUNCTION = YES;
				GCC_WARN_UNUSED_VARIABLE = YES;
				IPHONEOS_DEPLOYMENT_TARGET = 9.3;
				MTL_ENABLE_DEBUG_INFO = NO;
				SDKROOT = iphoneos;
				TARGETED_DEVICE_FAMILY = "1,2";
				VALIDATE_PRODUCT = YES;
			};
			name = Release;
		};
		797344461D450707009ABAFC /* Debug */ = {
			isa = XCBuildConfiguration;
			buildSettings = {
				ASSETCATALOG_COMPILER_APPICON_NAME = AppIcon;
				INFOPLIST_FILE = Turjman/Info.plist;
				IPHONEOS_DEPLOYMENT_TARGET = 8.0;
				LD_RUNPATH_SEARCH_PATHS = "$(inherited) @executable_path/Frameworks";
				PRODUCT_BUNDLE_IDENTIFIER = com.magdy.Turjman;
				PRODUCT_NAME = "$(TARGET_NAME)";
			};
			name = Debug;
		};
		797344471D450707009ABAFC /* Release */ = {
			isa = XCBuildConfiguration;
			buildSettings = {
				ASSETCATALOG_COMPILER_APPICON_NAME = AppIcon;
				INFOPLIST_FILE = Turjman/Info.plist;
				IPHONEOS_DEPLOYMENT_TARGET = 8.0;
				LD_RUNPATH_SEARCH_PATHS = "$(inherited) @executable_path/Frameworks";
				PRODUCT_BUNDLE_IDENTIFIER = com.magdy.Turjman;
				PRODUCT_NAME = "$(TARGET_NAME)";
			};
			name = Release;
		};
/* End XCBuildConfiguration section */

/* Begin XCConfigurationList section */
		7973442E1D450707009ABAFC /* Build configuration list for PBXProject "Turjman" */ = {
			isa = XCConfigurationList;
			buildConfigurations = (
				797344431D450707009ABAFC /* Debug */,
				797344441D450707009ABAFC /* Release */,
			);
			defaultConfigurationIsVisible = 0;
			defaultConfigurationName = Release;
		};
		797344451D450707009ABAFC /* Build configuration list for PBXNativeTarget "Turjman" */ = {
			isa = XCConfigurationList;
			buildConfigurations = (
				797344461D450707009ABAFC /* Debug */,
				797344471D450707009ABAFC /* Release */,
			);
			defaultConfigurationIsVisible = 0;
		};
/* End XCConfigurationList section */
	};
	rootObject = 7973442B1D450707009ABAFC /* Project object */;
}
